
Microsoft Visual Studio Solution File, Format Version 12.00
# Visual Studio 2012
Project("{888888A0-9F3D-457C-B088-3A5042F75D52}") = "ThePineappleProject", "ThePineappleProject.pyproj", "{09AC4B00-592E-4F74-8F21-C03B3D80885E}"
EndProject
Global
	GlobalSection(SolutionConfigurationPlatforms) = preSolution
		Debug|Any CPU = Debug|Any CPU
		Release|Any CPU = Release|Any CPU
	EndGlobalSection
	GlobalSection(ProjectConfigurationPlatforms) = postSolution
		{09AC4B00-592E-4F74-8F21-C03B3D80885E}.Debug|Any CPU.ActiveCfg = Debug|Any CPU
		{09AC4B00-592E-4F74-8F21-C03B3D80885E}.Release|Any CPU.ActiveCfg = Release|Any CPU
	EndGlobalSection
	GlobalSection(SolutionProperties) = preSolution
		HideSolutionNode = FALSE
	EndGlobalSection
EndGlobal
